
Microsoft Visual Studio Solution File, Format Version 12.00
# Visual Studio Version 17
VisualStudioVersion = 17.11.35222.181
MinimumVisualStudioVersion = 10.0.40219.1
Project("{FAE04EC0-301F-11D3-BF4B-00C04F79EFBC}") = "Demo", "Demo\Demo.csproj", "{4648D422-0C19-4D08-9CE7-14BA418EADE4}"
EndProject
Global
	GlobalSection(SolutionConfigurationPlatforms) = preSolution
		Debug|Any CPU = Debug|Any CPU
		Release|Any CPU = Release|Any CPU
	EndGlobalSection
	GlobalSection(ProjectConfigurationPlatforms) = postSolution
		{4648D422-0C19-4D08-9CE7-14BA418EADE4}.Debug|Any CPU.ActiveCfg = Debug|Any CPU
		{4648D422-0C19-4D08-9CE7-14BA418EADE4}.Debug|Any CPU.Build.0 = Debug|Any CPU
		{4648D422-0C19-4D08-9CE7-14BA418EADE4}.Release|Any CPU.ActiveCfg = Release|Any CPU
		{4648D422-0C19-4D08-9CE7-14BA418EADE4}.Release|Any CPU.Build.0 = Release|Any CPU
	EndGlobalSection
	GlobalSection(SolutionProperties) = preSolution
		HideSolutionNode = FALSE
	EndGlobalSection
	GlobalSection(ExtensibilityGlobals) = postSolution
		SolutionGuid = {AB567A2E-BB55-4E82-A803-C697A448B5BC}
	EndGlobalSection
EndGlobal
